
Microsoft Visual Studio Solution File, Format Version 12.00
# Visual Studio Version 16
VisualStudioVersion = 16.0.33801.447
MinimumVisualStudioVersion = 10.0.40219.1
Project("{FAE04EC0-301F-11D3-BF4B-00C04F79EFBC}") = "Desktop", "Desktop\Desktop.csproj", "{FD2F6B58-E6D1-4C69-B037-B120BBEFFFA5}"
EndProject
Global
	GlobalSection(SolutionConfigurationPlatforms) = preSolution
		Debug|Any CPU = Debug|Any CPU
		Release|Any CPU = Release|Any CPU
	EndGlobalSection
	GlobalSection(ProjectConfigurationPlatforms) = postSolution
		{FD2F6B58-E6D1-4C69-B037-B120BBEFFFA5}.Debug|Any CPU.ActiveCfg = Debug|Any CPU
		{FD2F6B58-E6D1-4C69-B037-B120BBEFFFA5}.Debug|Any CPU.Build.0 = Debug|Any CPU
		{FD2F6B58-E6D1-4C69-B037-B120BBEFFFA5}.Release|Any CPU.ActiveCfg = Release|Any CPU
		{FD2F6B58-E6D1-4C69-B037-B120BBEFFFA5}.Release|Any CPU.Build.0 = Release|Any CPU
	EndGlobalSection
	GlobalSection(SolutionProperties) = preSolution
		HideSolutionNode = FALSE
	EndGlobalSection
	GlobalSection(ExtensibilityGlobals) = postSolution
		SolutionGuid = {28CE65C2-C4A7-4BAA-B8BF-73B40679750A}
	EndGlobalSection
EndGlobal
